// !$*UTF8*$!
{
	archiveVersion = 1;
	classes = {
	};
	objectVersion = 50;
	objects = {

/* Begin PBXBuildFile section */
		1559406225AED6DB00860365 /* AppDelegate.swift in Sources */ = {isa = PBXBuildFile; fileRef = 1559406125AED6DB00860365 /* AppDelegate.swift */; };
		1559406425AED6DB00860365 /* SceneDelegate.swift in Sources */ = {isa = PBXBuildFile; fileRef = 1559406325AED6DB00860365 /* SceneDelegate.swift */; };
		1559406625AED6DB00860365 /* ViewController.swift in Sources */ = {isa = PBXBuildFile; fileRef = 1559406525AED6DB00860365 /* ViewController.swift */; };
		1559406925AED6DB00860365 /* Main.storyboard in Resources */ = {isa = PBXBuildFile; fileRef = 1559406725AED6DB00860365 /* Main.storyboard */; };
		1559406B25AED6DC00860365 /* Assets.xcassets in Resources */ = {isa = PBXBuildFile; fileRef = 1559406A25AED6DC00860365 /* Assets.xcassets */; };
		1559406E25AED6DC00860365 /* LaunchScreen.storyboard in Resources */ = {isa = PBXBuildFile; fileRef = 1559406C25AED6DC00860365 /* LaunchScreen.storyboard */; };
		1560D11A25B44D950067457B /* HeroTableViewCell.swift in Sources */ = {isa = PBXBuildFile; fileRef = 1560D11825B44D950067457B /* HeroTableViewCell.swift */; };
		1560D11B25B44D950067457B /* HeroTableViewCell.xib in Resources */ = {isa = PBXBuildFile; fileRef = 1560D11925B44D950067457B /* HeroTableViewCell.xib */; };
		1560D12225B4504C0067457B /* Hero.swift in Sources */ = {isa = PBXBuildFile; fileRef = 1560D12125B4504C0067457B /* Hero.swift */; };
		1560D12525B450560067457B /* DummyHeroes.swift in Sources */ = {isa = PBXBuildFile; fileRef = 1560D12425B450560067457B /* DummyHeroes.swift */; };
/* End PBXBuildFile section */

/* Begin PBXFileReference section */
		1559405E25AED6DB00860365 /* Basic iOS.app */ = {isa = PBXFileReference; explicitFileType = wrapper.application; includeInIndex = 0; path = "Basic iOS.app"; sourceTree = BUILT_PRODUCTS_DIR; };
		1559406125AED6DB00860365 /* AppDelegate.swift */ = {isa = PBXFileReference; lastKnownFileType = sourcecode.swift; path = AppDelegate.swift; sourceTree = "<group>"; };
		1559406325AED6DB00860365 /* SceneDelegate.swift */ = {isa = PBXFileReference; lastKnownFileType = sourcecode.swift; path = SceneDelegate.swift; sourceTree = "<group>"; };
		1559406525AED6DB00860365 /* ViewController.swift */ = {isa = PBXFileReference; lastKnownFileType = sourcecode.swift; path = ViewController.swift; sourceTree = "<group>"; };
		1559406825AED6DB00860365 /* Base */ = {isa = PBXFileReference; lastKnownFileType = file.storyboard; name = Base; path = Base.lproj/Main.storyboard; sourceTree = "<group>"; };
		1559406A25AED6DC00860365 /* Assets.xcassets */ = {isa = PBXFileReference; lastKnownFileType = folder.assetcatalog; path = Assets.xcassets; sourceTree = "<group>"; };
		1559406D25AED6DC00860365 /* Base */ = {isa = PBXFileReference; lastKnownFileType = file.storyboard; name = Base; path = Base.lproj/LaunchScreen.storyboard; sourceTree = "<group>"; };
		1559406F25AED6DC00860365 /* Info.plist */ = {isa = PBXFileReference; lastKnownFileType = text.plist.xml; path = Info.plist; sourceTree = "<group>"; };
		1560D11825B44D950067457B /* HeroTableViewCell.swift */ = {isa = PBXFileReference; lastKnownFileType = sourcecode.swift; path = HeroTableViewCell.swift; sourceTree = "<group>"; };
		1560D11925B44D950067457B /* HeroTableViewCell.xib */ = {isa = PBXFileReference; lastKnownFileType = file.xib; path = HeroTableViewCell.xib; sourceTree = "<group>"; };
		1560D12125B4504C0067457B /* Hero.swift */ = {isa = PBXFileReference; lastKnownFileType = sourcecode.swift; path = Hero.swift; sourceTree = "<group>"; };
		1560D12425B450560067457B /* DummyHeroes.swift */ = {isa = PBXFileReference; lastKnownFileType = sourcecode.swift; path = DummyHeroes.swift; sourceTree = "<group>"; };
/* End PBXFileReference section */

/* Begin PBXFrameworksBuildPhase section */
		1559405B25AED6DB00860365 /* Frameworks */ = {
			isa = PBXFrameworksBuildPhase;
			buildActionMask = 2147483647;
			files = (
			);
			runOnlyForDeploymentPostprocessing = 0;
		};
/* End PBXFrameworksBuildPhase section */

/* Begin PBXGroup section */
		1559405525AED6DB00860365 = {
			isa = PBXGroup;
			children = (
				1559406025AED6DB00860365 /* Basic iOS */,
				1559405F25AED6DB00860365 /* Products */,
			);
			sourceTree = "<group>";
		};
		1559405F25AED6DB00860365 /* Products */ = {
			isa = PBXGroup;
			children = (
				1559405E25AED6DB00860365 /* Basic iOS.app */,
			);
			name = Products;
			sourceTree = "<group>";
		};
		1559406025AED6DB00860365 /* Basic iOS */ = {
			isa = PBXGroup;
			children = (
				1560D12025B44FFD0067457B /* View */,
				1560D11F25B44FF80067457B /* Base */,
				1560D11E25B44FF00067457B /* Controller */,
				1560D11D25B44FEB0067457B /* Model */,
				1559406A25AED6DC00860365 /* Assets.xcassets */,
				1559406F25AED6DC00860365 /* Info.plist */,
			);
			path = "Basic iOS";
			sourceTree = "<group>";
		};
		1560D11D25B44FEB0067457B /* Model */ = {
			isa = PBXGroup;
			children = (
				1560D12125B4504C0067457B /* Hero.swift */,
				1560D12425B450560067457B /* DummyHeroes.swift */,
			);
			path = Model;
			sourceTree = "<group>";
		};
		1560D11E25B44FF00067457B /* Controller */ = {
			isa = PBXGroup;
			children = (
				1559406525AED6DB00860365 /* ViewController.swift */,
				1560D11825B44D950067457B /* HeroTableViewCell.swift */,
			);
			path = Controller;
			sourceTree = "<group>";
		};
		1560D11F25B44FF80067457B /* Base */ = {
			isa = PBXGroup;
			children = (
				1559406125AED6DB00860365 /* AppDelegate.swift */,
				1559406325AED6DB00860365 /* SceneDelegate.swift */,
			);
			path = Base;
			sourceTree = "<group>";
		};
		1560D12025B44FFD0067457B /* View */ = {
			isa = PBXGroup;
			children = (
				1560D11925B44D950067457B /* HeroTableViewCell.xib */,
				1559406725AED6DB00860365 /* Main.storyboard */,
				1559406C25AED6DC00860365 /* LaunchScreen.storyboard */,
			);
			path = View;
			sourceTree = "<group>";
		};
/* End PBXGroup section */

/* Begin PBXNativeTarget section */
		1559405D25AED6DB00860365 /* Basic iOS */ = {
			isa = PBXNativeTarget;
			buildConfigurationList = 1559407225AED6DC00860365 /* Build configuration list for PBXNativeTarget "Basic iOS" */;
			buildPhases = (
				1559405A25AED6DB00860365 /* Sources */,
				1559405B25AED6DB00860365 /* Frameworks */,
				1559405C25AED6DB00860365 /* Resources */,
			);
			buildRules = (
			);
			dependencies = (
			);
			name = "Basic iOS";
			productName = "Basic iOS";
			productReference = 1559405E25AED6DB00860365 /* Basic iOS.app */;
			productType = "com.apple.product-type.application";
		};
/* End PBXNativeTarget section */

/* Begin PBXProject section */
		1559405625AED6DB00860365 /* Project object */ = {
			isa = PBXProject;
			attributes = {
				LastSwiftUpdateCheck = 1220;
				LastUpgradeCheck = 1220;
				TargetAttributes = {
					1559405D25AED6DB00860365 = {
						CreatedOnToolsVersion = 12.2;
					};
				};
			};
			buildConfigurationList = 1559405925AED6DB00860365 /* Build configuration list for PBXProject "Basic iOS" */;
			compatibilityVersion = "Xcode 9.3";
			developmentRegion = en;
			hasScannedForEncodings = 0;
			knownRegions = (
				en,
				Base,
			);
			mainGroup = 1559405525AED6DB00860365;
			productRefGroup = 1559405F25AED6DB00860365 /* Products */;
			projectDirPath = "";
			projectRoot = "";
			targets = (
				1559405D25AED6DB00860365 /* Basic iOS */,
			);
		};
/* End PBXProject section */

/* Begin PBXResourcesBuildPhase section */
		1559405C25AED6DB00860365 /* Resources */ = {
			isa = PBXResourcesBuildPhase;
			buildActionMask = 2147483647;
			files = (
				1559406E25AED6DC00860365 /* LaunchScreen.storyboard in Resources */,
				1559406B25AED6DC00860365 /* Assets.xcassets in Resources */,
				1559406925AED6DB00860365 /* Main.storyboard in Resources */,
				1560D11B25B44D950067457B /* HeroTableViewCell.xib in Resources */,
			);
			runOnlyForDeploymentPostprocessing = 0;
		};
/* End PBXResourcesBuildPhase section */

/* Begin PBXSourcesBuildPhase section */
		1559405A25AED6DB00860365 /* Sources */ = {
			isa = PBXSourcesBuildPhase;
			buildActionMask = 2147483647;
			files = (
				1560D12525B450560067457B /* DummyHeroes.swift in Sources */,
				1560D12225B4504C0067457B /* Hero.swift in Sources */,
				1559406625AED6DB00860365 /* ViewController.swift in Sources */,
				1559406225AED6DB00860365 /* AppDelegate.swift in Sources */,
				1559406425AED6DB00860365 /* SceneDelegate.swift in Sources */,
				1560D11A25B44D950067457B /* HeroTableViewCell.swift in Sources */,
			);
			runOnlyForDeploymentPostprocessing = 0;
		};
/* End PBXSourcesBuildPhase section */

/* Begin PBXVariantGroup section */
		1559406725AED6DB00860365 /* Main.storyboard */ = {
			isa = PBXVariantGroup;
			children = (
				1559406825AED6DB00860365 /* Base */,
			);
			name = Main.storyboard;
			sourceTree = "<group>";
		};
		1559406C25AED6DC00860365 /* LaunchScreen.storyboard */ = {
			isa = PBXVariantGroup;
			children = (
				1559406D25AED6DC00860365 /* Base */,
			);
			name = LaunchScreen.storyboard;
			sourceTree = "<group>";
		};
/* End PBXVariantGroup section */

/* Begin XCBuildConfiguration section */
		1559407025AED6DC00860365 /* Debug */ = {
			isa = XCBuildConfiguration;
			buildSettings = {
				ALWAYS_SEARCH_USER_PATHS = NO;
				CLANG_ANALYZER_NONNULL = YES;
				CLANG_ANALYZER_NUMBER_OBJECT_CONVERSION = YES_AGGRESSIVE;
				CLANG_CXX_LANGUAGE_STANDARD = "gnu++14";
				CLANG_CXX_LIBRARY = "libc++";
				CLANG_ENABLE_MODULES = YES;
				CLANG_ENABLE_OBJC_ARC = YES;
				CLANG_ENABLE_OBJC_WEAK = YES;
				CLANG_WARN_BLOCK_CAPTURE_AUTORELEASING = YES;
				CLANG_WARN_BOOL_CONVERSION = YES;
				CLANG_WARN_COMMA = YES;
				CLANG_WARN_CONSTANT_CONVERSION = YES;
				CLANG_WARN_DEPRECATED_OBJC_IMPLEMENTATIONS = YES;
				CLANG_WARN_DIRECT_OBJC_ISA_USAGE = YES_ERROR;
				CLANG_WARN_DOCUMENTATION_COMMENTS = YES;
				CLANG_WARN_EMPTY_BODY = YES;
				CLANG_WARN_ENUM_CONVERSION = YES;
				CLANG_WARN_INFINITE_RECURSION = YES;
				CLANG_WARN_INT_CONVERSION = YES;
				CLANG_WARN_NON_LITERAL_NULL_CONVERSION = YES;
				CLANG_WARN_OBJC_IMPLICIT_RETAIN_SELF = YES;
				CLANG_WARN_OBJC_LITERAL_CONVERSION = YES;
				CLANG_WARN_OBJC_ROOT_CLASS = YES_ERROR;
				CLANG_WARN_QUOTED_INCLUDE_IN_FRAMEWORK_HEADER = YES;
				CLANG_WARN_RANGE_LOOP_ANALYSIS = YES;
				CLANG_WARN_STRICT_PROTOTYPES = YES;
				CLANG_WARN_SUSPICIOUS_MOVE = YES;
				CLANG_WARN_UNGUARDED_AVAILABILITY = YES_AGGRESSIVE;
				CLANG_WARN_UNREACHABLE_CODE = YES;
				CLANG_WARN__DUPLICATE_METHOD_MATCH = YES;
				COPY_PHASE_STRIP = NO;
				DEBUG_INFORMATION_FORMAT = dwarf;
				ENABLE_STRICT_OBJC_MSGSEND = YES;
				ENABLE_TESTABILITY = YES;
				GCC_C_LANGUAGE_STANDARD = gnu11;
				GCC_DYNAMIC_NO_PIC = NO;
				GCC_NO_COMMON_BLOCKS = YES;
				GCC_OPTIMIZATION_LEVEL = 0;
				GCC_PREPROCESSOR_DEFINITIONS = (
					"DEBUG=1",
					"$(inherited)",
				);
				GCC_WARN_64_TO_32_BIT_CONVERSION = YES;
				GCC_WARN_ABOUT_RETURN_TYPE = YES_ERROR;
				GCC_WARN_UNDECLARED_SELECTOR = YES;
				GCC_WARN_UNINITIALIZED_AUTOS = YES_AGGRESSIVE;
				GCC_WARN_UNUSED_FUNCTION = YES;
				GCC_WARN_UNUSED_VARIABLE = YES;
				IPHONEOS_DEPLOYMENT_TARGET = 14.2;
				MTL_ENABLE_DEBUG_INFO = INCLUDE_SOURCE;
				MTL_FAST_MATH = YES;
				ONLY_ACTIVE_ARCH = YES;
				SDKROOT = iphoneos;
				SWIFT_ACTIVE_COMPILATION_CONDITIONS = DEBUG;
				SWIFT_OPTIMIZATION_LEVEL = "-Onone";
			};
			name = Debug;
		};
		1559407125AED6DC00860365 /* Release */ = {
			isa = XCBuildConfiguration;
			buildSettings = {
				ALWAYS_SEARCH_USER_PATHS = NO;
				CLANG_ANALYZER_NONNULL = YES;
				CLANG_ANALYZER_NUMBER_OBJECT_CONVERSION = YES_AGGRESSIVE;
				CLANG_CXX_LANGUAGE_STANDARD = "gnu++14";
				CLANG_CXX_LIBRARY = "libc++";
				CLANG_ENABLE_MODULES = YES;
				CLANG_ENABLE_OBJC_ARC = YES;
				CLANG_ENABLE_OBJC_WEAK = YES;
				CLANG_WARN_BLOCK_CAPTURE_AUTORELEASING = YES;
				CLANG_WARN_BOOL_CONVERSION = YES;
				CLANG_WARN_COMMA = YES;
				CLANG_WARN_CONSTANT_CONVERSION = YES;
				CLANG_WARN_DEPRECATED_OBJC_IMPLEMENTATIONS = YES;
				CLANG_WARN_DIRECT_OBJC_ISA_USAGE = YES_ERROR;
				CLANG_WARN_DOCUMENTATION_COMMENTS = YES;
				CLANG_WARN_EMPTY_BODY = YES;
				CLANG_WARN_ENUM_CONVERSION = YES;
				CLANG_WARN_INFINITE_RECURSION = YES;
				CLANG_WARN_INT_CONVERSION = YES;
				CLANG_WARN_NON_LITERAL_NULL_CONVERSION = YES;
				CLANG_WARN_OBJC_IMPLICIT_RETAIN_SELF = YES;
				CLANG_WARN_OBJC_LITERAL_CONVERSION = YES;
				CLANG_WARN_OBJC_ROOT_CLASS = YES_ERROR;
				CLANG_WARN_QUOTED_INCLUDE_IN_FRAMEWORK_HEADER = YES;
				CLANG_WARN_RANGE_LOOP_ANALYSIS = YES;
				CLANG_WARN_STRICT_PROTOTYPES = YES;
				CLANG_WARN_SUSPICIOUS_MOVE = YES;
				CLANG_WARN_UNGUARDED_AVAILABILITY = YES_AGGRESSIVE;
				CLANG_WARN_UNREACHABLE_CODE = YES;
				CLANG_WARN__DUPLICATE_METHOD_MATCH = YES;
				COPY_PHASE_STRIP = NO;
				DEBUG_INFORMATION_FORMAT = "dwarf-with-dsym";
				ENABLE_NS_ASSERTIONS = NO;
				ENABLE_STRICT_OBJC_MSGSEND = YES;
				GCC_C_LANGUAGE_STANDARD = gnu11;
				GCC_NO_COMMON_BLOCKS = YES;
				GCC_WARN_64_TO_32_BIT_CONVERSION = YES;
				GCC_WARN_ABOUT_RETURN_TYPE = YES_ERROR;
				GCC_WARN_UNDECLARED_SELECTOR = YES;
				GCC_WARN_UNINITIALIZED_AUTOS = YES_AGGRESSIVE;
				GCC_WARN_UNUSED_FUNCTION = YES;
				GCC_WARN_UNUSED_VARIABLE = YES;
				IPHONEOS_DEPLOYMENT_TARGET = 14.2;
				MTL_ENABLE_DEBUG_INFO = NO;
				MTL_FAST_MATH = YES;
				SDKROOT = iphoneos;
				SWIFT_COMPILATION_MODE = wholemodule;
				SWIFT_OPTIMIZATION_LEVEL = "-O";
				VALIDATE_PRODUCT = YES;
			};
			name = Release;
		};
		1559407325AED6DC00860365 /* Debug */ = {
			isa = XCBuildConfiguration;
			buildSettings = {
				ASSETCATALOG_COMPILER_APPICON_NAME = AppIcon;
				ASSETCATALOG_COMPILER_GLOBAL_ACCENT_COLOR_NAME = AccentColor;
				CODE_SIGN_STYLE = Automatic;
				DEVELOPMENT_TEAM = Y637L8YXTV;
				INFOPLIST_FILE = "Basic iOS/Info.plist";
				LD_RUNPATH_SEARCH_PATHS = (
					"$(inherited)",
					"@executable_path/Frameworks",
				);
				PRODUCT_BUNDLE_IDENTIFIER = "com.redveloper.Basic-iOS";
				PRODUCT_NAME = "$(TARGET_NAME)";
				SWIFT_VERSION = 5.0;
				TARGETED_DEVICE_FAMILY = "1,2";
			};
			name = Debug;
		};
		1559407425AED6DC00860365 /* Release */ = {
			isa = XCBuildConfiguration;
			buildSettings = {
				ASSETCATALOG_COMPILER_APPICON_NAME = AppIcon;
				ASSETCATALOG_COMPILER_GLOBAL_ACCENT_COLOR_NAME = AccentColor;
				CODE_SIGN_STYLE = Automatic;
				DEVELOPMENT_TEAM = Y637L8YXTV;
				INFOPLIST_FILE = "Basic iOS/Info.plist";
				LD_RUNPATH_SEARCH_PATHS = (
					"$(inherited)",
					"@executable_path/Frameworks",
				);
				PRODUCT_BUNDLE_IDENTIFIER = "com.redveloper.Basic-iOS";
				PRODUCT_NAME = "$(TARGET_NAME)";
				SWIFT_VERSION = 5.0;
				TARGETED_DEVICE_FAMILY = "1,2";
			};
			name = Release;
		};
/* End XCBuildConfiguration section */

/* Begin XCConfigurationList section */
		1559405925AED6DB00860365 /* Build configuration list for PBXProject "Basic iOS" */ = {
			isa = XCConfigurationList;
			buildConfigurations = (
				1559407025AED6DC00860365 /* Debug */,
				1559407125AED6DC00860365 /* Release */,
			);
			defaultConfigurationIsVisible = 0;
			defaultConfigurationName = Release;
		};
		1559407225AED6DC00860365 /* Build configuration list for PBXNativeTarget "Basic iOS" */ = {
			isa = XCConfigurationList;
			buildConfigurations = (
				1559407325AED6DC00860365 /* Debug */,
				1559407425AED6DC00860365 /* Release */,
			);
			defaultConfigurationIsVisible = 0;
			defaultConfigurationName = Release;
		};
/* End XCConfigurationList section */
	};
	rootObject = 1559405625AED6DB00860365 /* Project object */;
}
